
Microsoft Visual Studio Solution File, Format Version 12.00
# Visual Studio 2013
VisualStudioVersion = 12.0.31101.0
MinimumVisualStudioVersion = 10.0.40219.1
Project("{2150E333-8FDC-42A3-9474-1A3956D46DE8}") = "TestApp", "TestApp", "{EB7FAB51-936E-4D54-8039-830E4BC63EFF}"
EndProject
Project("{D954291E-2A0B-460D-934E-DC6B0785DB48}") = "TestApp.Shared", "TestApp\TestApp.Shared\TestApp.Shared.shproj", "{9862D2E7-829E-44D8-A722-6740AAD25672}"
EndProject
Project("{FAE04EC0-301F-11D3-BF4B-00C04F79EFBC}") = "TestApp.Windows", "TestApp\TestApp.Windows\TestApp.Windows.csproj", "{6389CA04-9D0B-4107-8DAF-C4BBF6B3DF5E}"
EndProject
Project("{FAE04EC0-301F-11D3-BF4B-00C04F79EFBC}") = "TestApp.WindowsPhone", "TestApp\TestApp.WindowsPhone\TestApp.WindowsPhone.csproj", "{5063AB6D-34AD-4FD9-BBC8-3F5E44E977CE}"
EndProject
Project("{2150E333-8FDC-42A3-9474-1A3956D46DE8}") = "NativeLibraries", "NativeLibraries", "{AA9464F6-4F2E-4B42-9B14-387F117AF69F}"
EndProject
Project("{2150E333-8FDC-42A3-9474-1A3956D46DE8}") = "TestRuntimeComponent", "TestRuntimeComponent", "{10FC1095-7C91-455D-866C-49C9964B4913}"
EndProject
Project("{8BC9CEB8-8B4A-11D0-8D11-00A0C91BC942}") = "TestRuntimeComponent.Shared", "NativeLibraries\TestRuntimeComponent\TestRuntimeComponent.Shared\TestRuntimeComponent.Shared.vcxitems", "{D93D963E-360B-4ABE-91E0-7F6855CD9191}"
EndProject
Project("{8BC9CEB8-8B4A-11D0-8D11-00A0C91BC942}") = "TestRuntimeComponent.Windows", "NativeLibraries\TestRuntimeComponent\TestRuntimeComponent.Windows\TestRuntimeComponent.Windows.vcxproj", "{7E3F0DBF-31AC-4F6F-9642-69071786ACF3}"
EndProject
Project("{8BC9CEB8-8B4A-11D0-8D11-00A0C91BC942}") = "TestRuntimeComponent.WindowsPhone", "NativeLibraries\TestRuntimeComponent\TestRuntimeComponent.WindowsPhone\TestRuntimeComponent.WindowsPhone.vcxproj", "{D5FA721C-DCB0-4354-B999-0162F7DC940C}"
EndProject
Project("{2150E333-8FDC-42A3-9474-1A3956D46DE8}") = "Helpers", "Helpers", "{30C1E5B7-FEB8-43C1-A86F-947EC8656E67}"
EndProject
Project("{8BC9CEB8-8B4A-11D0-8D11-00A0C91BC942}") = "Helpers_Windows_8_1", "NativeLibraries\Helpers\Helpers_Windows_8_1\Helpers_Windows_8_1.vcxproj", "{AFC6B0EB-D589-4E9F-A8BF-D9981627210E}"
EndProject
Project("{8BC9CEB8-8B4A-11D0-8D11-00A0C91BC942}") = "Helpers_Shared", "NativeLibraries\Helpers\Helpers_Shared\Helpers_Shared.vcxproj", "{E25383F7-FAF8-4D22-882E-3165CB66A6C0}"
EndProject
Project("{8BC9CEB8-8B4A-11D0-8D11-00A0C91BC942}") = "Helpers_WindowsPhone_8_1", "NativeLibraries\Helpers\Helpers_WindowsPhone_8_1\Helpers_WindowsPhone_8_1.vcxproj", "{D278F367-4B58-4D27-ABF5-0400CBF586D4}"
EndProject
Global
	GlobalSection(SharedMSBuildProjectFiles) = preSolution
		NativeLibraries\TestRuntimeComponent\TestRuntimeComponent.Shared\TestRuntimeComponent.Shared.vcxitems*{d93d963e-360b-4abe-91e0-7f6855cd9191}*SharedItemsImports = 9
		NativeLibraries\TestRuntimeComponent\TestRuntimeComponent.Shared\TestRuntimeComponent.Shared.vcxitems*{d5fa721c-dcb0-4354-b999-0162f7dc940c}*SharedItemsImports = 4
		NativeLibraries\TestRuntimeComponent\TestRuntimeComponent.Shared\TestRuntimeComponent.Shared.vcxitems*{7e3f0dbf-31ac-4f6f-9642-69071786acf3}*SharedItemsImports = 4
		TestApp\TestApp.Shared\TestApp.Shared.projitems*{6389ca04-9d0b-4107-8daf-c4bbf6b3df5e}*SharedItemsImports = 4
		TestApp\TestApp.Shared\TestApp.Shared.projitems*{5063ab6d-34ad-4fd9-bbc8-3f5e44e977ce}*SharedItemsImports = 4
		TestApp\TestApp.Shared\TestApp.Shared.projitems*{9862d2e7-829e-44d8-a722-6740aad25672}*SharedItemsImports = 13
	EndGlobalSection
	GlobalSection(SolutionConfigurationPlatforms) = preSolution
		Debug|Any CPU = Debug|Any CPU
		Debug|ARM = Debug|ARM
		Debug|Mixed Platforms = Debug|Mixed Platforms
		Debug|Win32 = Debug|Win32
		Debug|x64 = Debug|x64
		Debug|x86 = Debug|x86
		Release|Any CPU = Release|Any CPU
		Release|ARM = Release|ARM
		Release|Mixed Platforms = Release|Mixed Platforms
		Release|Win32 = Release|Win32
		Release|x64 = Release|x64
		Release|x86 = Release|x86
	EndGlobalSection
	GlobalSection(ProjectConfigurationPlatforms) = postSolution
		{6389CA04-9D0B-4107-8DAF-C4BBF6B3DF5E}.Debug|Any CPU.ActiveCfg = Debug|Any CPU
		{6389CA04-9D0B-4107-8DAF-C4BBF6B3DF5E}.Debug|Any CPU.Build.0 = Debug|Any CPU
		{6389CA04-9D0B-4107-8DAF-C4BBF6B3DF5E}.Debug|Any CPU.Deploy.0 = Debug|Any CPU
		{6389CA04-9D0B-4107-8DAF-C4BBF6B3DF5E}.Debug|ARM.ActiveCfg = Debug|ARM
		{6389CA04-9D0B-4107-8DAF-C4BBF6B3DF5E}.Debug|ARM.Build.0 = Debug|ARM
		{6389CA04-9D0B-4107-8DAF-C4BBF6B3DF5E}.Debug|ARM.Deploy.0 = Debug|ARM
		{6389CA04-9D0B-4107-8DAF-C4BBF6B3DF5E}.Debug|Mixed Platforms.ActiveCfg = Debug|x86
		{6389CA04-9D0B-4107-8DAF-C4BBF6B3DF5E}.Debug|Mixed Platforms.Build.0 = Debug|x86
		{6389CA04-9D0B-4107-8DAF-C4BBF6B3DF5E}.Debug|Mixed Platforms.Deploy.0 = Debug|x86
		{6389CA04-9D0B-4107-8DAF-C4BBF6B3DF5E}.Debug|Win32.ActiveCfg = Debug|x86
		{6389CA04-9D0B-4107-8DAF-C4BBF6B3DF5E}.Debug|Win32.Build.0 = Debug|x86
		{6389CA04-9D0B-4107-8DAF-C4BBF6B3DF5E}.Debug|Win32.Deploy.0 = Debug|x86
		{6389CA04-9D0B-4107-8DAF-C4BBF6B3DF5E}.Debug|x64.ActiveCfg = Debug|x64
		{6389CA04-9D0B-4107-8DAF-C4BBF6B3DF5E}.Debug|x64.Build.0 = Debug|x64
		{6389CA04-9D0B-4107-8DAF-C4BBF6B3DF5E}.Debug|x64.Deploy.0 = Debug|x64
		{6389CA04-9D0B-4107-8DAF-C4BBF6B3DF5E}.Debug|x86.ActiveCfg = Debug|x86
		{6389CA04-9D0B-4107-8DAF-C4BBF6B3DF5E}.Debug|x86.Build.0 = Debug|x86
		{6389CA04-9D0B-4107-8DAF-C4BBF6B3DF5E}.Debug|x86.Deploy.0 = Debug|x86
		{6389CA04-9D0B-4107-8DAF-C4BBF6B3DF5E}.Release|Any CPU.ActiveCfg = Release|Any CPU
		{6389CA04-9D0B-4107-8DAF-C4BBF6B3DF5E}.Release|Any CPU.Build.0 = Release|Any CPU
		{6389CA04-9D0B-4107-8DAF-C4BBF6B3DF5E}.Release|Any CPU.Deploy.0 = Release|Any CPU
		{6389CA04-9D0B-4107-8DAF-C4BBF6B3DF5E}.Release|ARM.ActiveCfg = Release|ARM
		{6389CA04-9D0B-4107-8DAF-C4BBF6B3DF5E}.Release|ARM.Build.0 = Release|ARM
		{6389CA04-9D0B-4107-8DAF-C4BBF6B3DF5E}.Release|ARM.Deploy.0 = Release|ARM
		{6389CA04-9D0B-4107-8DAF-C4BBF6B3DF5E}.Release|Mixed Platforms.ActiveCfg = Release|x86
		{6389CA04-9D0B-4107-8DAF-C4BBF6B3DF5E}.Release|Mixed Platforms.Build.0 = Release|x86
		{6389CA04-9D0B-4107-8DAF-C4BBF6B3DF5E}.Release|Mixed Platforms.Deploy.0 = Release|x86
		{6389CA04-9D0B-4107-8DAF-C4BBF6B3DF5E}.Release|Win32.ActiveCfg = Release|x86
		{6389CA04-9D0B-4107-8DAF-C4BBF6B3DF5E}.Release|Win32.Build.0 = Release|x86
		{6389CA04-9D0B-4107-8DAF-C4BBF6B3DF5E}.Release|Win32.Deploy.0 = Release|x86
		{6389CA04-9D0B-4107-8DAF-C4BBF6B3DF5E}.Release|x64.ActiveCfg = Release|x64
		{6389CA04-9D0B-4107-8DAF-C4BBF6B3DF5E}.Release|x64.Build.0 = Release|x64
		{6389CA04-9D0B-4107-8DAF-C4BBF6B3DF5E}.Release|x64.Deploy.0 = Release|x64
		{6389CA04-9D0B-4107-8DAF-C4BBF6B3DF5E}.Release|x86.ActiveCfg = Release|x86
		{6389CA04-9D0B-4107-8DAF-C4BBF6B3DF5E}.Release|x86.Build.0 = Release|x86
		{6389CA04-9D0B-4107-8DAF-C4BBF6B3DF5E}.Release|x86.Deploy.0 = Release|x86
		{5063AB6D-34AD-4FD9-BBC8-3F5E44E977CE}.Debug|Any CPU.ActiveCfg = Debug|Any CPU
		{5063AB6D-34AD-4FD9-BBC8-3F5E44E977CE}.Debug|Any CPU.Build.0 = Debug|Any CPU
		{5063AB6D-34AD-4FD9-BBC8-3F5E44E977CE}.Debug|Any CPU.Deploy.0 = Debug|Any CPU
		{5063AB6D-34AD-4FD9-BBC8-3F5E44E977CE}.Debug|ARM.ActiveCfg = Debug|ARM
		{5063AB6D-34AD-4FD9-BBC8-3F5E44E977CE}.Debug|ARM.Build.0 = Debug|ARM
		{5063AB6D-34AD-4FD9-BBC8-3F5E44E977CE}.Debug|ARM.Deploy.0 = Debug|ARM
		{5063AB6D-34AD-4FD9-BBC8-3F5E44E977CE}.Debug|Mixed Platforms.ActiveCfg = Debug|x86
		{5063AB6D-34AD-4FD9-BBC8-3F5E44E977CE}.Debug|Mixed Platforms.Build.0 = Debug|x86
		{5063AB6D-34AD-4FD9-BBC8-3F5E44E977CE}.Debug|Mixed Platforms.Deploy.0 = Debug|x86
		{5063AB6D-34AD-4FD9-BBC8-3F5E44E977CE}.Debug|Win32.ActiveCfg = Debug|x86
		{5063AB6D-34AD-4FD9-BBC8-3F5E44E977CE}.Debug|Win32.Build.0 = Debug|x86
		{5063AB6D-34AD-4FD9-BBC8-3F5E44E977CE}.Debug|Win32.Deploy.0 = Debug|x86
		{5063AB6D-34AD-4FD9-BBC8-3F5E44E977CE}.Debug|x64.ActiveCfg = Debug|Any CPU
		{5063AB6D-34AD-4FD9-BBC8-3F5E44E977CE}.Debug|x86.ActiveCfg = Debug|x86
		{5063AB6D-34AD-4FD9-BBC8-3F5E44E977CE}.Debug|x86.Build.0 = Debug|x86
		{5063AB6D-34AD-4FD9-BBC8-3F5E44E977CE}.Debug|x86.Deploy.0 = Debug|x86
		{5063AB6D-34AD-4FD9-BBC8-3F5E44E977CE}.Release|Any CPU.ActiveCfg = Release|Any CPU
		{5063AB6D-34AD-4FD9-BBC8-3F5E44E977CE}.Release|Any CPU.Build.0 = Release|Any CPU
		{5063AB6D-34AD-4FD9-BBC8-3F5E44E977CE}.Release|Any CPU.Deploy.0 = Release|Any CPU
		{5063AB6D-34AD-4FD9-BBC8-3F5E44E977CE}.Release|ARM.ActiveCfg = Release|ARM
		{5063AB6D-34AD-4FD9-BBC8-3F5E44E977CE}.Release|ARM.Build.0 = Release|ARM
		{5063AB6D-34AD-4FD9-BBC8-3F5E44E977CE}.Release|ARM.Deploy.0 = Release|ARM
		{5063AB6D-34AD-4FD9-BBC8-3F5E44E977CE}.Release|Mixed Platforms.ActiveCfg = Release|x86
		{5063AB6D-34AD-4FD9-BBC8-3F5E44E977CE}.Release|Mixed Platforms.Build.0 = Release|x86
		{5063AB6D-34AD-4FD9-BBC8-3F5E44E977CE}.Release|Mixed Platforms.Deploy.0 = Release|x86
		{5063AB6D-34AD-4FD9-BBC8-3F5E44E977CE}.Release|Win32.ActiveCfg = Release|x86
		{5063AB6D-34AD-4FD9-BBC8-3F5E44E977CE}.Release|Win32.Build.0 = Release|x86
		{5063AB6D-34AD-4FD9-BBC8-3F5E44E977CE}.Release|Win32.Deploy.0 = Release|x86
		{5063AB6D-34AD-4FD9-BBC8-3F5E44E977CE}.Release|x64.ActiveCfg = Release|Any CPU
		{5063AB6D-34AD-4FD9-BBC8-3F5E44E977CE}.Release|x86.ActiveCfg = Release|x86
		{5063AB6D-34AD-4FD9-BBC8-3F5E44E977CE}.Release|x86.Build.0 = Release|x86
		{5063AB6D-34AD-4FD9-BBC8-3F5E44E977CE}.Release|x86.Deploy.0 = Release|x86
		{7E3F0DBF-31AC-4F6F-9642-69071786ACF3}.Debug|Any CPU.ActiveCfg = Debug|Win32
		{7E3F0DBF-31AC-4F6F-9642-69071786ACF3}.Debug|ARM.ActiveCfg = Debug|ARM
		{7E3F0DBF-31AC-4F6F-9642-69071786ACF3}.Debug|ARM.Build.0 = Debug|ARM
		{7E3F0DBF-31AC-4F6F-9642-69071786ACF3}.Debug|Mixed Platforms.ActiveCfg = Debug|Win32
		{7E3F0DBF-31AC-4F6F-9642-69071786ACF3}.Debug|Mixed Platforms.Build.0 = Debug|Win32
		{7E3F0DBF-31AC-4F6F-9642-69071786ACF3}.Debug|Win32.ActiveCfg = Debug|Win32
		{7E3F0DBF-31AC-4F6F-9642-69071786ACF3}.Debug|Win32.Build.0 = Debug|Win32
		{7E3F0DBF-31AC-4F6F-9642-69071786ACF3}.Debug|x64.ActiveCfg = Debug|x64
		{7E3F0DBF-31AC-4F6F-9642-69071786ACF3}.Debug|x64.Build.0 = Debug|x64
		{7E3F0DBF-31AC-4F6F-9642-69071786ACF3}.Debug|x86.ActiveCfg = Debug|Win32
		{7E3F0DBF-31AC-4F6F-9642-69071786ACF3}.Debug|x86.Build.0 = Debug|Win32
		{7E3F0DBF-31AC-4F6F-9642-69071786ACF3}.Release|Any CPU.ActiveCfg = Release|Win32
		{7E3F0DBF-31AC-4F6F-9642-69071786ACF3}.Release|ARM.ActiveCfg = Release|ARM
		{7E3F0DBF-31AC-4F6F-9642-69071786ACF3}.Release|ARM.Build.0 = Release|ARM
		{7E3F0DBF-31AC-4F6F-9642-69071786ACF3}.Release|Mixed Platforms.ActiveCfg = Release|Win32
		{7E3F0DBF-31AC-4F6F-9642-69071786ACF3}.Release|Mixed Platforms.Build.0 = Release|Win32
		{7E3F0DBF-31AC-4F6F-9642-69071786ACF3}.Release|Win32.ActiveCfg = Release|Win32
		{7E3F0DBF-31AC-4F6F-9642-69071786ACF3}.Release|Win32.Build.0 = Release|Win32
		{7E3F0DBF-31AC-4F6F-9642-69071786ACF3}.Release|x64.ActiveCfg = Release|x64
		{7E3F0DBF-31AC-4F6F-9642-69071786ACF3}.Release|x64.Build.0 = Release|x64
		{7E3F0DBF-31AC-4F6F-9642-69071786ACF3}.Release|x86.ActiveCfg = Release|Win32
		{7E3F0DBF-31AC-4F6F-9642-69071786ACF3}.Release|x86.Build.0 = Release|Win32
		{D5FA721C-DCB0-4354-B999-0162F7DC940C}.Debug|Any CPU.ActiveCfg = Debug|Win32
		{D5FA721C-DCB0-4354-B999-0162F7DC940C}.Debug|ARM.ActiveCfg = Debug|ARM
		{D5FA721C-DCB0-4354-B999-0162F7DC940C}.Debug|ARM.Build.0 = Debug|ARM
		{D5FA721C-DCB0-4354-B999-0162F7DC940C}.Debug|Mixed Platforms.ActiveCfg = Debug|Win32
		{D5FA721C-DCB0-4354-B999-0162F7DC940C}.Debug|Mixed Platforms.Build.0 = Debug|Win32
		{D5FA721C-DCB0-4354-B999-0162F7DC940C}.Debug|Win32.ActiveCfg = Debug|Win32
		{D5FA721C-DCB0-4354-B999-0162F7DC940C}.Debug|Win32.Build.0 = Debug|Win32
		{D5FA721C-DCB0-4354-B999-0162F7DC940C}.Debug|x64.ActiveCfg = Debug|Win32
		{D5FA721C-DCB0-4354-B999-0162F7DC940C}.Debug|x86.ActiveCfg = Debug|Win32
		{D5FA721C-DCB0-4354-B999-0162F7DC940C}.Debug|x86.Build.0 = Debug|Win32
		{D5FA721C-DCB0-4354-B999-0162F7DC940C}.Release|Any CPU.ActiveCfg = Release|Win32
		{D5FA721C-DCB0-4354-B999-0162F7DC940C}.Release|ARM.ActiveCfg = Release|ARM
		{D5FA721C-DCB0-4354-B999-0162F7DC940C}.Release|ARM.Build.0 = Release|ARM
		{D5FA721C-DCB0-4354-B999-0162F7DC940C}.Release|Mixed Platforms.ActiveCfg = Release|Win32
		{D5FA721C-DCB0-4354-B999-0162F7DC940C}.Release|Mixed Platforms.Build.0 = Release|Win32
		{D5FA721C-DCB0-4354-B999-0162F7DC940C}.Release|Win32.ActiveCfg = Release|Win32
		{D5FA721C-DCB0-4354-B999-0162F7DC940C}.Release|Win32.Build.0 = Release|Win32
		{D5FA721C-DCB0-4354-B999-0162F7DC940C}.Release|x64.ActiveCfg = Release|Win32
		{D5FA721C-DCB0-4354-B999-0162F7DC940C}.Release|x86.ActiveCfg = Release|Win32
		{D5FA721C-DCB0-4354-B999-0162F7DC940C}.Release|x86.Build.0 = Release|Win32
		{AFC6B0EB-D589-4E9F-A8BF-D9981627210E}.Debug|Any CPU.ActiveCfg = Debug|Win32
		{AFC6B0EB-D589-4E9F-A8BF-D9981627210E}.Debug|ARM.ActiveCfg = Debug|ARM
		{AFC6B0EB-D589-4E9F-A8BF-D9981627210E}.Debug|ARM.Build.0 = Debug|ARM
		{AFC6B0EB-D589-4E9F-A8BF-D9981627210E}.Debug|Mixed Platforms.ActiveCfg = Debug|Win32
		{AFC6B0EB-D589-4E9F-A8BF-D9981627210E}.Debug|Mixed Platforms.Build.0 = Debug|Win32
		{AFC6B0EB-D589-4E9F-A8BF-D9981627210E}.Debug|Win32.ActiveCfg = Debug|Win32
		{AFC6B0EB-D589-4E9F-A8BF-D9981627210E}.Debug|Win32.Build.0 = Debug|Win32
		{AFC6B0EB-D589-4E9F-A8BF-D9981627210E}.Debug|x64.ActiveCfg = Debug|x64
		{AFC6B0EB-D589-4E9F-A8BF-D9981627210E}.Debug|x64.Build.0 = Debug|x64
		{AFC6B0EB-D589-4E9F-A8BF-D9981627210E}.Debug|x86.ActiveCfg = Debug|Win32
		{AFC6B0EB-D589-4E9F-A8BF-D9981627210E}.Debug|x86.Build.0 = Debug|Win32
		{AFC6B0EB-D589-4E9F-A8BF-D9981627210E}.Release|Any CPU.ActiveCfg = Release|Win32
		{AFC6B0EB-D589-4E9F-A8BF-D9981627210E}.Release|ARM.ActiveCfg = Release|ARM
		{AFC6B0EB-D589-4E9F-A8BF-D9981627210E}.Release|ARM.Build.0 = Release|ARM
		{AFC6B0EB-D589-4E9F-A8BF-D9981627210E}.Release|Mixed Platforms.ActiveCfg = Release|Win32
		{AFC6B0EB-D589-4E9F-A8BF-D9981627210E}.Release|Mixed Platforms.Build.0 = Release|Win32
		{AFC6B0EB-D589-4E9F-A8BF-D9981627210E}.Release|Win32.ActiveCfg = Release|Win32
		{AFC6B0EB-D589-4E9F-A8BF-D9981627210E}.Release|Win32.Build.0 = Release|Win32
		{AFC6B0EB-D589-4E9F-A8BF-D9981627210E}.Release|x64.ActiveCfg = Release|x64
		{AFC6B0EB-D589-4E9F-A8BF-D9981627210E}.Release|x64.Build.0 = Release|x64
		{AFC6B0EB-D589-4E9F-A8BF-D9981627210E}.Release|x86.ActiveCfg = Release|Win32
		{AFC6B0EB-D589-4E9F-A8BF-D9981627210E}.Release|x86.Build.0 = Release|Win32
		{E25383F7-FAF8-4D22-882E-3165CB66A6C0}.Debug|Any CPU.ActiveCfg = Debug|Win32
		{E25383F7-FAF8-4D22-882E-3165CB66A6C0}.Debug|ARM.ActiveCfg = Debug|Win32
		{E25383F7-FAF8-4D22-882E-3165CB66A6C0}.Debug|Mixed Platforms.ActiveCfg = Debug|Win32
		{E25383F7-FAF8-4D22-882E-3165CB66A6C0}.Debug|Mixed Platforms.Build.0 = Debug|Win32
		{E25383F7-FAF8-4D22-882E-3165CB66A6C0}.Debug|Win32.ActiveCfg = Debug|Win32
		{E25383F7-FAF8-4D22-882E-3165CB66A6C0}.Debug|Win32.Build.0 = Debug|Win32
		{E25383F7-FAF8-4D22-882E-3165CB66A6C0}.Debug|x64.ActiveCfg = Debug|Win32
		{E25383F7-FAF8-4D22-882E-3165CB66A6C0}.Debug|x86.ActiveCfg = Debug|Win32
		{E25383F7-FAF8-4D22-882E-3165CB66A6C0}.Debug|x86.Build.0 = Debug|Win32
		{E25383F7-FAF8-4D22-882E-3165CB66A6C0}.Release|Any CPU.ActiveCfg = Release|Win32
		{E25383F7-FAF8-4D22-882E-3165CB66A6C0}.Release|ARM.ActiveCfg = Release|Win32
		{E25383F7-FAF8-4D22-882E-3165CB66A6C0}.Release|Mixed Platforms.ActiveCfg = Release|Win32
		{E25383F7-FAF8-4D22-882E-3165CB66A6C0}.Release|Mixed Platforms.Build.0 = Release|Win32
		{E25383F7-FAF8-4D22-882E-3165CB66A6C0}.Release|Win32.ActiveCfg = Release|Win32
		{E25383F7-FAF8-4D22-882E-3165CB66A6C0}.Release|Win32.Build.0 = Release|Win32
		{E25383F7-FAF8-4D22-882E-3165CB66A6C0}.Release|x64.ActiveCfg = Release|Win32
		{E25383F7-FAF8-4D22-882E-3165CB66A6C0}.Release|x86.ActiveCfg = Release|Win32
		{E25383F7-FAF8-4D22-882E-3165CB66A6C0}.Release|x86.Build.0 = Release|Win32
		{D278F367-4B58-4D27-ABF5-0400CBF586D4}.Debug|Any CPU.ActiveCfg = Debug|Win32
		{D278F367-4B58-4D27-ABF5-0400CBF586D4}.Debug|ARM.ActiveCfg = Debug|ARM
		{D278F367-4B58-4D27-ABF5-0400CBF586D4}.Debug|ARM.Build.0 = Debug|ARM
		{D278F367-4B58-4D27-ABF5-0400CBF586D4}.Debug|Mixed Platforms.ActiveCfg = Debug|Win32
		{D278F367-4B58-4D27-ABF5-0400CBF586D4}.Debug|Mixed Platforms.Build.0 = Debug|Win32
		{D278F367-4B58-4D27-ABF5-0400CBF586D4}.Debug|Win32.ActiveCfg = Debug|Win32
		{D278F367-4B58-4D27-ABF5-0400CBF586D4}.Debug|Win32.Build.0 = Debug|Win32
		{D278F367-4B58-4D27-ABF5-0400CBF586D4}.Debug|x64.ActiveCfg = Debug|Win32
		{D278F367-4B58-4D27-ABF5-0400CBF586D4}.Debug|x86.ActiveCfg = Debug|Win32
		{D278F367-4B58-4D27-ABF5-0400CBF586D4}.Debug|x86.Build.0 = Debug|Win32
		{D278F367-4B58-4D27-ABF5-0400CBF586D4}.Release|Any CPU.ActiveCfg = Release|Win32
		{D278F367-4B58-4D27-ABF5-0400CBF586D4}.Release|ARM.ActiveCfg = Release|ARM
		{D278F367-4B58-4D27-ABF5-0400CBF586D4}.Release|ARM.Build.0 = Release|ARM
		{D278F367-4B58-4D27-ABF5-0400CBF586D4}.Release|Mixed Platforms.ActiveCfg = Release|Win32
		{D278F367-4B58-4D27-ABF5-0400CBF586D4}.Release|Mixed Platforms.Build.0 = Release|Win32
		{D278F367-4B58-4D27-ABF5-0400CBF586D4}.Release|Win32.ActiveCfg = Release|Win32
		{D278F367-4B58-4D27-ABF5-0400CBF586D4}.Release|Win32.Build.0 = Release|Win32
		{D278F367-4B58-4D27-ABF5-0400CBF586D4}.Release|x64.ActiveCfg = Release|Win32
		{D278F367-4B58-4D27-ABF5-0400CBF586D4}.Release|x86.ActiveCfg = Release|Win32
		{D278F367-4B58-4D27-ABF5-0400CBF586D4}.Release|x86.Build.0 = Release|Win32
	EndGlobalSection
	GlobalSection(SolutionProperties) = preSolution
		HideSolutionNode = FALSE
	EndGlobalSection
	GlobalSection(NestedProjects) = preSolution
		{9862D2E7-829E-44D8-A722-6740AAD25672} = {EB7FAB51-936E-4D54-8039-830E4BC63EFF}
		{6389CA04-9D0B-4107-8DAF-C4BBF6B3DF5E} = {EB7FAB51-936E-4D54-8039-830E4BC63EFF}
		{5063AB6D-34AD-4FD9-BBC8-3F5E44E977CE} = {EB7FAB51-936E-4D54-8039-830E4BC63EFF}
		{10FC1095-7C91-455D-866C-49C9964B4913} = {AA9464F6-4F2E-4B42-9B14-387F117AF69F}
		{D93D963E-360B-4ABE-91E0-7F6855CD9191} = {10FC1095-7C91-455D-866C-49C9964B4913}
		{7E3F0DBF-31AC-4F6F-9642-69071786ACF3} = {10FC1095-7C91-455D-866C-49C9964B4913}
		{D5FA721C-DCB0-4354-B999-0162F7DC940C} = {10FC1095-7C91-455D-866C-49C9964B4913}
		{30C1E5B7-FEB8-43C1-A86F-947EC8656E67} = {AA9464F6-4F2E-4B42-9B14-387F117AF69F}
		{AFC6B0EB-D589-4E9F-A8BF-D9981627210E} = {30C1E5B7-FEB8-43C1-A86F-947EC8656E67}
		{E25383F7-FAF8-4D22-882E-3165CB66A6C0} = {30C1E5B7-FEB8-43C1-A86F-947EC8656E67}
		{D278F367-4B58-4D27-ABF5-0400CBF586D4} = {30C1E5B7-FEB8-43C1-A86F-947EC8656E67}
	EndGlobalSection
EndGlobal
