<?xml version="1.0" encoding="utf-8"?>
<Project ToolsVersion="12.0" xmlns="http://schemas.microsoft.com/developer/msbuild/2003">
  <ItemGroup>
    <Filter Include="Shared">
      <UniqueIdentifier>{f964aeaf-46da-4abd-ab88-192f6ca6caf2}</UniqueIdentifier>
    </Filter>
    <Filter Include="Shared\Folder">
      <UniqueIdentifier>{4d257a15-7f3e-4b77-844a-86ff583da105}</UniqueIdentifier>
    </Filter>
    <Filter Include="Shared\Folder2">
      <UniqueIdentifier>{cb5ed9d7-3c63-42e6-bd83-9fba3401b579}</UniqueIdentifier>
    </Filter>
    <Filter Include="Shared\containers">
      <UniqueIdentifier>{14f0ae7f-7152-4bc9-873b-938a4503f288}</UniqueIdentifier>
    </Filter>
    <Filter Include="Shared\service">
      <UniqueIdentifier>{ab0ca54c-4751-4fcb-86eb-abe7dbd33b1d}</UniqueIdentifier>
    </Filter>
  </ItemGroup>
  <ItemGroup>
    <ClCompile Include="..\Helpers_Shared\Folder\FolderClass.cpp">
      <Filter>Shared\Folder</Filter>
    </ClCompile>
    <ClCompile Include="..\Helpers_Shared\Folder2\FolderClass.cpp">
      <Filter>Shared\Folder2</Filter>
    </ClCompile>
  </ItemGroup>
  <ItemGroup>
    <ClInclude Include="..\Helpers_Shared\Folder\FolderClass.h">
      <Filter>Shared\Folder</Filter>
    </ClInclude>
    <ClInclude Include="..\Helpers_Shared\Folder2\FolderClass.h">
      <Filter>Shared\Folder2</Filter>
    </ClInclude>
    <ClInclude Include="..\Helpers_Shared\containers\chunked_data_buffer.h">
      <Filter>Shared\containers</Filter>
    </ClInclude>
    <ClInclude Include="..\Helpers_Shared\containers\concurrent_queue.h">
      <Filter>Shared\containers</Filter>
    </ClInclude>
    <ClInclude Include="..\Helpers_Shared\service\Operation.h">
      <Filter>Shared\service</Filter>
    </ClInclude>
    <ClInclude Include="..\Helpers_Shared\service\Service.h">
      <Filter>Shared\service</Filter>
    </ClInclude>
  </ItemGroup>
</Project>