<?xml version="1.0" encoding="utf-8"?>
<Project ToolsVersion="12.0" xmlns="http://schemas.microsoft.com/developer/msbuild/2003">
  <ItemGroup>
    <ClInclude Include="$(MSBuildThisFileDirectory)containers\chunked_data_buffer.h" />
    <ClInclude Include="$(MSBuildThisFileDirectory)containers\concurrent_queue.h" />
    <ClInclude Include="$(MSBuildThisFileDirectory)service\Operation.h" />
    <ClInclude Include="$(MSBuildThisFileDirectory)service\Service.h" />
  </ItemGroup>
</Project>